
Microsoft Visual Studio Solution File, Format Version 12.00
# Visual Studio Version 17
VisualStudioVersion = 17.3.32825.248
MinimumVisualStudioVersion = 10.0.40219.1
Project("{FAE04EC0-301F-11D3-BF4B-00C04F79EFBC}") = "CBT", "CBT\CBT.csproj", "{7A47A09D-8B04-4EF7-8783-5CD2DC8A8B40}"
EndProject
Project("{FAE04EC0-301F-11D3-BF4B-00C04F79EFBC}") = "CBT.Contracts", "CBT.Contracts\CBT.Contracts.csproj", "{8DE8707C-C894-4181-B152-21E2BAB4B4B2}"
EndProject
Project("{FAE04EC0-301F-11D3-BF4B-00C04F79EFBC}") = "CBT.DAL", "CBT.DAL\CBT.DAL.csproj", "{6D99E2ED-A322-49FE-815E-2AABF4E18262}"
EndProject
Project("{FAE04EC0-301F-11D3-BF4B-00C04F79EFBC}") = "CBT.BLL", "CBT.BLL\CBT.BLL.csproj", "{064AE205-992A-40A5-A426-2489FDEE68F4}"
EndProject
Global
	GlobalSection(SolutionConfigurationPlatforms) = preSolution
		Debug|Any CPU = Debug|Any CPU
		Release|Any CPU = Release|Any CPU
	EndGlobalSection
	GlobalSection(ProjectConfigurationPlatforms) = postSolution
		{7A47A09D-8B04-4EF7-8783-5CD2DC8A8B40}.Debug|Any CPU.ActiveCfg = Debug|Any CPU
		{7A47A09D-8B04-4EF7-8783-5CD2DC8A8B40}.Debug|Any CPU.Build.0 = Debug|Any CPU
		{7A47A09D-8B04-4EF7-8783-5CD2DC8A8B40}.Release|Any CPU.ActiveCfg = Release|Any CPU
		{7A47A09D-8B04-4EF7-8783-5CD2DC8A8B40}.Release|Any CPU.Build.0 = Release|Any CPU
		{8DE8707C-C894-4181-B152-21E2BAB4B4B2}.Debug|Any CPU.ActiveCfg = Debug|Any CPU
		{8DE8707C-C894-4181-B152-21E2BAB4B4B2}.Debug|Any CPU.Build.0 = Debug|Any CPU
		{8DE8707C-C894-4181-B152-21E2BAB4B4B2}.Release|Any CPU.ActiveCfg = Release|Any CPU
		{8DE8707C-C894-4181-B152-21E2BAB4B4B2}.Release|Any CPU.Build.0 = Release|Any CPU
		{6D99E2ED-A322-49FE-815E-2AABF4E18262}.Debug|Any CPU.ActiveCfg = Debug|Any CPU
		{6D99E2ED-A322-49FE-815E-2AABF4E18262}.Debug|Any CPU.Build.0 = Debug|Any CPU
		{6D99E2ED-A322-49FE-815E-2AABF4E18262}.Release|Any CPU.ActiveCfg = Release|Any CPU
		{6D99E2ED-A322-49FE-815E-2AABF4E18262}.Release|Any CPU.Build.0 = Release|Any CPU
		{064AE205-992A-40A5-A426-2489FDEE68F4}.Debug|Any CPU.ActiveCfg = Debug|Any CPU
		{064AE205-992A-40A5-A426-2489FDEE68F4}.Debug|Any CPU.Build.0 = Debug|Any CPU
		{064AE205-992A-40A5-A426-2489FDEE68F4}.Release|Any CPU.ActiveCfg = Release|Any CPU
		{064AE205-992A-40A5-A426-2489FDEE68F4}.Release|Any CPU.Build.0 = Release|Any CPU
	EndGlobalSection
	GlobalSection(SolutionProperties) = preSolution
		HideSolutionNode = FALSE
	EndGlobalSection
	GlobalSection(ExtensibilityGlobals) = postSolution
		SolutionGuid = {16E72F5F-2CAF-400F-BBB1-30D50D21B2A3}
	EndGlobalSection
EndGlobal
